
Microsoft Visual Studio Solution File, Format Version 12.00
# Visual Studio Version 18
VisualStudioVersion = 18.7.11811.120
MinimumVisualStudioVersion = 10.0.40219.1
Project("{FAE04EC0-301F-11D3-BF4B-00C04F79EFBC}") = "Tedd.TUI", "src\Tedd.TUI\Tedd.TUI.csproj", "{30BC7C5D-C611-4095-B3C6-AA89B606C1E9}"
EndProject
Project("{FAE04EC0-301F-11D3-BF4B-00C04F79EFBC}") = "Tedd.TUI.Tests", "src\Tedd.TUI.Tests\Tedd.TUI.Tests.csproj", "{8D166B41-C410-449D-9335-DF797C2FECC6}"
EndProject
Project("{2150E333-8FDC-42A3-9474-1A3956D46DE8}") = "src", "src", "{827E0CD3-B72D-47B6-A68D-7590B98EB39B}"
EndProject
Project("{FAE04EC0-301F-11D3-BF4B-00C04F79EFBC}") = "Tedd.TUI.HumanTests", "src\Tedd.TUI.HumanTests\Tedd.TUI.HumanTests.csproj", "{66D00040-549C-4A15-B741-63674AD6F4C9}"
EndProject
Project("{FAE04EC0-301F-11D3-BF4B-00C04F79EFBC}") = "Tedd.TUI.Platform.Console", "src\Tedd.TUI.Platform.Console\Tedd.TUI.Platform.Console.csproj", "{5640161F-E911-4E94-BC23-725DAFBE9427}"
EndProject
Project("{FAE04EC0-301F-11D3-BF4B-00C04F79EFBC}") = "Tedd.TUI.Archive", "src\Tedd.TUI.Archive\Tedd.TUI.Archive.csproj", "{08C7E106-8848-468F-9A77-C3BBF8D76768}"
EndProject
Project("{FAE04EC0-301F-11D3-BF4B-00C04F79EFBC}") = "Tedd.TUI.Benchmarks", "src\Tedd.TUI.Benchmarks\Tedd.TUI.Benchmarks.csproj", "{CB5779C5-653A-4791-BF3F-66A39FFDFF1D}"
EndProject
Project("{FAE04EC0-301F-11D3-BF4B-00C04F79EFBC}") = "Tedd.TUI.Imaging", "src\Tedd.TUI.Imaging\Tedd.TUI.Imaging.csproj", "{67A57B00-0A3B-41AB-9A47-15707EE43BDA}"
EndProject
Project("{FAE04EC0-301F-11D3-BF4B-00C04F79EFBC}") = "Tedd.TUI.Platform.WindowsTerminal", "src\Tedd.TUI.Platform.WindowsTerminal\Tedd.TUI.Platform.WindowsTerminal.csproj", "{3734A0C0-DD42-4268-8CBB-DF6EC14B5D65}"
EndProject
Project("{FAE04EC0-301F-11D3-BF4B-00C04F79EFBC}") = "Tedd.TUI.Platform.LinuxTerminal", "src\Tedd.TUI.Platform.LinuxTerminal\Tedd.TUI.Platform.LinuxTerminal.csproj", "{FD6B65E6-4631-4793-8004-CDAC98819982}"
EndProject
Project("{FAE04EC0-301F-11D3-BF4B-00C04F79EFBC}") = "Tedd.TUI.Demo", "src\Tedd.TUI.Demo\Tedd.TUI.Demo.csproj", "{794E54D4-0906-0946-BB07-AB9ABC3833AF}"
EndProject
Project("{FAE04EC0-301F-11D3-BF4B-00C04F79EFBC}") = "Tedd.TUI.Demo.Blazor", "src\Tedd.TUI.Demo.Blazor\Tedd.TUI.Demo.Blazor.csproj", "{23113C0F-D935-5F36-E47A-B7B4074879D5}"
EndProject
Project("{FAE04EC0-301F-11D3-BF4B-00C04F79EFBC}") = "Tedd.TUI.Platform.Blazor", "src\Tedd.TUI.Platform.Blazor\Tedd.TUI.Platform.Blazor.csproj", "{55C74704-68FE-855F-E456-DCB9A7CCCA02}"
EndProject
Project("{FAE04EC0-301F-11D3-BF4B-00C04F79EFBC}") = "Tedd.TUI.Platform.Blazor.Tests", "src\Tedd.TUI.Platform.Blazor.Tests\Tedd.TUI.Platform.Blazor.Tests.csproj", "{0A02B9AF-336B-7389-5223-6FD63408B7FE}"
EndProject
Project("{FAE04EC0-301F-11D3-BF4B-00C04F79EFBC}") = "Tedd.TUI.Platform.Wpf", "src\Tedd.TUI.Platform.Wpf\Tedd.TUI.Platform.Wpf.csproj", "{BA0E074E-9252-439D-B7E8-AAA1377020CA}"
EndProject
Project("{FAE04EC0-301F-11D3-BF4B-00C04F79EFBC}") = "Tedd.TUI.Surface.Skia", "src\Tedd.TUI.Surface.Skia\Tedd.TUI.Surface.Skia.csproj", "{6DDA8EF9-5A94-4136-9BF6-0C126A658032}"
EndProject
Project("{FAE04EC0-301F-11D3-BF4B-00C04F79EFBC}") = "Tedd.TUI.Platform.Avalonia", "src\Tedd.TUI.Platform.Avalonia\Tedd.TUI.Platform.Avalonia.csproj", "{7CA6F16F-08D1-4D22-86E9-168F958194A7}"
EndProject
Project("{FAE04EC0-301F-11D3-BF4B-00C04F79EFBC}") = "Tedd.TUI.Platform.WinUI", "src\Tedd.TUI.Platform.WinUI\Tedd.TUI.Platform.WinUI.csproj", "{8AEE0DFB-B17E-46E8-97FF-2D5BA0539468}"
EndProject
Project("{FAE04EC0-301F-11D3-BF4B-00C04F79EFBC}") = "Tedd.TUI.Platform.Maui", "src\Tedd.TUI.Platform.Maui\Tedd.TUI.Platform.Maui.csproj", "{030CDA17-538C-4FB5-8A3F-85CAED85F883}"
EndProject
Project("{FAE04EC0-301F-11D3-BF4B-00C04F79EFBC}") = "Tedd.TUI.Platform.Skia", "src\Tedd.TUI.Platform.Skia\Tedd.TUI.Platform.Skia.csproj", "{00D6C7CB-462A-4479-9BA7-CEF05F5513AA}"
EndProject
Project("{FAE04EC0-301F-11D3-BF4B-00C04F79EFBC}") = "Tedd.TUI.Platform.Skia.Tests", "src\Tedd.TUI.Platform.Skia.Tests\Tedd.TUI.Platform.Skia.Tests.csproj", "{4C3DF83D-48C1-4436-AAA0-74EFD7A5012A}"
EndProject
Project("{FAE04EC0-301F-11D3-BF4B-00C04F79EFBC}") = "Tedd.TUI.Platform.Sdl2", "src\Tedd.TUI.Platform.Sdl2\Tedd.TUI.Platform.Sdl2.csproj", "{5CB8F7B9-5436-4469-BE17-F35C416E1C40}"
EndProject
Project("{FAE04EC0-301F-11D3-BF4B-00C04F79EFBC}") = "Tedd.TUI.Platform.Sdl2.Tests", "src\Tedd.TUI.Platform.Sdl2.Tests\Tedd.TUI.Platform.Sdl2.Tests.csproj", "{DBDEEA51-C2EA-406A-9D4E-FC34F3AA8D57}"
EndProject
Global
	GlobalSection(SolutionConfigurationPlatforms) = preSolution
		Debug|Any CPU = Debug|Any CPU
		Debug|x64 = Debug|x64
		Debug|x86 = Debug|x86
		Release|Any CPU = Release|Any CPU
		Release|x64 = Release|x64
		Release|x86 = Release|x86
	EndGlobalSection
	GlobalSection(ProjectConfigurationPlatforms) = postSolution
		{30BC7C5D-C611-4095-B3C6-AA89B606C1E9}.Debug|Any CPU.ActiveCfg = Debug|Any CPU
		{30BC7C5D-C611-4095-B3C6-AA89B606C1E9}.Debug|Any CPU.Build.0 = Debug|Any CPU
		{30BC7C5D-C611-4095-B3C6-AA89B606C1E9}.Debug|x64.ActiveCfg = Debug|Any CPU
		{30BC7C5D-C611-4095-B3C6-AA89B606C1E9}.Debug|x64.Build.0 = Debug|Any CPU
		{30BC7C5D-C611-4095-B3C6-AA89B606C1E9}.Debug|x86.ActiveCfg = Debug|Any CPU
		{30BC7C5D-C611-4095-B3C6-AA89B606C1E9}.Debug|x86.Build.0 = Debug|Any CPU
		{30BC7C5D-C611-4095-B3C6-AA89B606C1E9}.Release|Any CPU.ActiveCfg = Release|Any CPU
		{30BC7C5D-C611-4095-B3C6-AA89B606C1E9}.Release|Any CPU.Build.0 = Release|Any CPU
		{30BC7C5D-C611-4095-B3C6-AA89B606C1E9}.Release|x64.ActiveCfg = Release|Any CPU
		{30BC7C5D-C611-4095-B3C6-AA89B606C1E9}.Release|x64.Build.0 = Release|Any CPU
		{30BC7C5D-C611-4095-B3C6-AA89B606C1E9}.Release|x86.ActiveCfg = Release|Any CPU
		{30BC7C5D-C611-4095-B3C6-AA89B606C1E9}.Release|x86.Build.0 = Release|Any CPU
		{8D166B41-C410-449D-9335-DF797C2FECC6}.Debug|Any CPU.ActiveCfg = Debug|Any CPU
		{8D166B41-C410-449D-9335-DF797C2FECC6}.Debug|Any CPU.Build.0 = Debug|Any CPU
		{8D166B41-C410-449D-9335-DF797C2FECC6}.Debug|x64.ActiveCfg = Debug|Any CPU
		{8D166B41-C410-449D-9335-DF797C2FECC6}.Debug|x64.Build.0 = Debug|Any CPU
		{8D166B41-C410-449D-9335-DF797C2FECC6}.Debug|x86.ActiveCfg = Debug|Any CPU
		{8D166B41-C410-449D-9335-DF797C2FECC6}.Debug|x86.Build.0 = Debug|Any CPU
		{8D166B41-C410-449D-9335-DF797C2FECC6}.Release|Any CPU.ActiveCfg = Release|Any CPU
		{8D166B41-C410-449D-9335-DF797C2FECC6}.Release|Any CPU.Build.0 = Release|Any CPU
		{8D166B41-C410-449D-9335-DF797C2FECC6}.Release|x64.ActiveCfg = Release|Any CPU
		{8D166B41-C410-449D-9335-DF797C2FECC6}.Release|x64.Build.0 = Release|Any CPU
		{8D166B41-C410-449D-9335-DF797C2FECC6}.Release|x86.ActiveCfg = Release|Any CPU
		{8D166B41-C410-449D-9335-DF797C2FECC6}.Release|x86.Build.0 = Release|Any CPU
		{66D00040-549C-4A15-B741-63674AD6F4C9}.Debug|Any CPU.ActiveCfg = Debug|Any CPU
		{66D00040-549C-4A15-B741-63674AD6F4C9}.Debug|Any CPU.Build.0 = Debug|Any CPU
		{66D00040-549C-4A15-B741-63674AD6F4C9}.Debug|x64.ActiveCfg = Debug|Any CPU
		{66D00040-549C-4A15-B741-63674AD6F4C9}.Debug|x64.Build.0 = Debug|Any CPU
		{66D00040-549C-4A15-B741-63674AD6F4C9}.Debug|x86.ActiveCfg = Debug|Any CPU
		{66D00040-549C-4A15-B741-63674AD6F4C9}.Debug|x86.Build.0 = Debug|Any CPU
		{66D00040-549C-4A15-B741-63674AD6F4C9}.Release|Any CPU.ActiveCfg = Release|Any CPU
		{66D00040-549C-4A15-B741-63674AD6F4C9}.Release|Any CPU.Build.0 = Release|Any CPU
		{66D00040-549C-4A15-B741-63674AD6F4C9}.Release|x64.ActiveCfg = Release|Any CPU
		{66D00040-549C-4A15-B741-63674AD6F4C9}.Release|x64.Build.0 = Release|Any CPU
		{66D00040-549C-4A15-B741-63674AD6F4C9}.Release|x86.ActiveCfg = Release|Any CPU
		{66D00040-549C-4A15-B741-63674AD6F4C9}.Release|x86.Build.0 = Release|Any CPU
		{5640161F-E911-4E94-BC23-725DAFBE9427}.Debug|Any CPU.ActiveCfg = Debug|Any CPU
		{5640161F-E911-4E94-BC23-725DAFBE9427}.Debug|Any CPU.Build.0 = Debug|Any CPU
		{5640161F-E911-4E94-BC23-725DAFBE9427}.Debug|x64.ActiveCfg = Debug|Any CPU
		{5640161F-E911-4E94-BC23-725DAFBE9427}.Debug|x64.Build.0 = Debug|Any CPU
		{5640161F-E911-4E94-BC23-725DAFBE9427}.Debug|x86.ActiveCfg = Debug|Any CPU
		{5640161F-E911-4E94-BC23-725DAFBE9427}.Debug|x86.Build.0 = Debug|Any CPU
		{5640161F-E911-4E94-BC23-725DAFBE9427}.Release|Any CPU.ActiveCfg = Release|Any CPU
		{5640161F-E911-4E94-BC23-725DAFBE9427}.Release|Any CPU.Build.0 = Release|Any CPU
		{5640161F-E911-4E94-BC23-725DAFBE9427}.Release|x64.ActiveCfg = Release|Any CPU
		{5640161F-E911-4E94-BC23-725DAFBE9427}.Release|x64.Build.0 = Release|Any CPU
		{5640161F-E911-4E94-BC23-725DAFBE9427}.Release|x86.ActiveCfg = Release|Any CPU
		{5640161F-E911-4E94-BC23-725DAFBE9427}.Release|x86.Build.0 = Release|Any CPU
		{08C7E106-8848-468F-9A77-C3BBF8D76768}.Debug|Any CPU.ActiveCfg = Debug|Any CPU
		{08C7E106-8848-468F-9A77-C3BBF8D76768}.Debug|Any CPU.Build.0 = Debug|Any CPU
		{08C7E106-8848-468F-9A77-C3BBF8D76768}.Debug|x64.ActiveCfg = Debug|Any CPU
		{08C7E106-8848-468F-9A77-C3BBF8D76768}.Debug|x64.Build.0 = Debug|Any CPU
		{08C7E106-8848-468F-9A77-C3BBF8D76768}.Debug|x86.ActiveCfg = Debug|Any CPU
		{08C7E106-8848-468F-9A77-C3BBF8D76768}.Debug|x86.Build.0 = Debug|Any CPU
		{08C7E106-8848-468F-9A77-C3BBF8D76768}.Release|Any CPU.ActiveCfg = Release|Any CPU
		{08C7E106-8848-468F-9A77-C3BBF8D76768}.Release|Any CPU.Build.0 = Release|Any CPU
		{08C7E106-8848-468F-9A77-C3BBF8D76768}.Release|x64.ActiveCfg = Release|Any CPU
		{08C7E106-8848-468F-9A77-C3BBF8D76768}.Release|x64.Build.0 = Release|Any CPU
		{08C7E106-8848-468F-9A77-C3BBF8D76768}.Release|x86.ActiveCfg = Release|Any CPU
		{08C7E106-8848-468F-9A77-C3BBF8D76768}.Release|x86.Build.0 = Release|Any CPU
		{CB5779C5-653A-4791-BF3F-66A39FFDFF1D}.Debug|Any CPU.ActiveCfg = Debug|Any CPU
		{CB5779C5-653A-4791-BF3F-66A39FFDFF1D}.Debug|Any CPU.Build.0 = Debug|Any CPU
		{CB5779C5-653A-4791-BF3F-66A39FFDFF1D}.Debug|x64.ActiveCfg = Debug|Any CPU
		{CB5779C5-653A-4791-BF3F-66A39FFDFF1D}.Debug|x64.Build.0 = Debug|Any CPU
		{CB5779C5-653A-4791-BF3F-66A39FFDFF1D}.Debug|x86.ActiveCfg = Debug|Any CPU
		{CB5779C5-653A-4791-BF3F-66A39FFDFF1D}.Debug|x86.Build.0 = Debug|Any CPU
		{CB5779C5-653A-4791-BF3F-66A39FFDFF1D}.Release|Any CPU.ActiveCfg = Release|Any CPU
		{CB5779C5-653A-4791-BF3F-66A39FFDFF1D}.Release|Any CPU.Build.0 = Release|Any CPU
		{CB5779C5-653A-4791-BF3F-66A39FFDFF1D}.Release|x64.ActiveCfg = Release|Any CPU
		{CB5779C5-653A-4791-BF3F-66A39FFDFF1D}.Release|x64.Build.0 = Release|Any CPU
		{CB5779C5-653A-4791-BF3F-66A39FFDFF1D}.Release|x86.ActiveCfg = Release|Any CPU
		{CB5779C5-653A-4791-BF3F-66A39FFDFF1D}.Release|x86.Build.0 = Release|Any CPU
		{67A57B00-0A3B-41AB-9A47-15707EE43BDA}.Debug|Any CPU.ActiveCfg = Debug|Any CPU
		{67A57B00-0A3B-41AB-9A47-15707EE43BDA}.Debug|Any CPU.Build.0 = Debug|Any CPU
		{67A57B00-0A3B-41AB-9A47-15707EE43BDA}.Debug|x64.ActiveCfg = Debug|Any CPU
		{67A57B00-0A3B-41AB-9A47-15707EE43BDA}.Debug|x64.Build.0 = Debug|Any CPU
		{67A57B00-0A3B-41AB-9A47-15707EE43BDA}.Debug|x86.ActiveCfg = Debug|Any CPU
		{67A57B00-0A3B-41AB-9A47-15707EE43BDA}.Debug|x86.Build.0 = Debug|Any CPU
		{67A57B00-0A3B-41AB-9A47-15707EE43BDA}.Release|Any CPU.ActiveCfg = Release|Any CPU
		{67A57B00-0A3B-41AB-9A47-15707EE43BDA}.Release|Any CPU.Build.0 = Release|Any CPU
		{67A57B00-0A3B-41AB-9A47-15707EE43BDA}.Release|x64.ActiveCfg = Release|Any CPU
		{67A57B00-0A3B-41AB-9A47-15707EE43BDA}.Release|x64.Build.0 = Release|Any CPU
		{67A57B00-0A3B-41AB-9A47-15707EE43BDA}.Release|x86.ActiveCfg = Release|Any CPU
		{67A57B00-0A3B-41AB-9A47-15707EE43BDA}.Release|x86.Build.0 = Release|Any CPU
		{3734A0C0-DD42-4268-8CBB-DF6EC14B5D65}.Debug|Any CPU.ActiveCfg = Debug|Any CPU
		{3734A0C0-DD42-4268-8CBB-DF6EC14B5D65}.Debug|Any CPU.Build.0 = Debug|Any CPU
		{3734A0C0-DD42-4268-8CBB-DF6EC14B5D65}.Debug|x64.ActiveCfg = Debug|Any CPU
		{3734A0C0-DD42-4268-8CBB-DF6EC14B5D65}.Debug|x64.Build.0 = Debug|Any CPU
		{3734A0C0-DD42-4268-8CBB-DF6EC14B5D65}.Debug|x86.ActiveCfg = Debug|Any CPU
		{3734A0C0-DD42-4268-8CBB-DF6EC14B5D65}.Debug|x86.Build.0 = Debug|Any CPU
		{3734A0C0-DD42-4268-8CBB-DF6EC14B5D65}.Release|Any CPU.ActiveCfg = Release|Any CPU
		{3734A0C0-DD42-4268-8CBB-DF6EC14B5D65}.Release|Any CPU.Build.0 = Release|Any CPU
		{3734A0C0-DD42-4268-8CBB-DF6EC14B5D65}.Release|x64.ActiveCfg = Release|Any CPU
		{3734A0C0-DD42-4268-8CBB-DF6EC14B5D65}.Release|x64.Build.0 = Release|Any CPU
		{3734A0C0-DD42-4268-8CBB-DF6EC14B5D65}.Release|x86.ActiveCfg = Release|Any CPU
		{3734A0C0-DD42-4268-8CBB-DF6EC14B5D65}.Release|x86.Build.0 = Release|Any CPU
		{FD6B65E6-4631-4793-8004-CDAC98819982}.Debug|Any CPU.ActiveCfg = Debug|Any CPU
		{FD6B65E6-4631-4793-8004-CDAC98819982}.Debug|Any CPU.Build.0 = Debug|Any CPU
		{FD6B65E6-4631-4793-8004-CDAC98819982}.Debug|x64.ActiveCfg = Debug|Any CPU
		{FD6B65E6-4631-4793-8004-CDAC98819982}.Debug|x64.Build.0 = Debug|Any CPU
		{FD6B65E6-4631-4793-8004-CDAC98819982}.Debug|x86.ActiveCfg = Debug|Any CPU
		{FD6B65E6-4631-4793-8004-CDAC98819982}.Debug|x86.Build.0 = Debug|Any CPU
		{FD6B65E6-4631-4793-8004-CDAC98819982}.Release|Any CPU.ActiveCfg = Release|Any CPU
		{FD6B65E6-4631-4793-8004-CDAC98819982}.Release|Any CPU.Build.0 = Release|Any CPU
		{FD6B65E6-4631-4793-8004-CDAC98819982}.Release|x64.ActiveCfg = Release|Any CPU
		{FD6B65E6-4631-4793-8004-CDAC98819982}.Release|x64.Build.0 = Release|Any CPU
		{FD6B65E6-4631-4793-8004-CDAC98819982}.Release|x86.ActiveCfg = Release|Any CPU
		{FD6B65E6-4631-4793-8004-CDAC98819982}.Release|x86.Build.0 = Release|Any CPU
		{794E54D4-0906-0946-BB07-AB9ABC3833AF}.Debug|Any CPU.ActiveCfg = Debug|Any CPU
		{794E54D4-0906-0946-BB07-AB9ABC3833AF}.Debug|Any CPU.Build.0 = Debug|Any CPU
		{794E54D4-0906-0946-BB07-AB9ABC3833AF}.Debug|x64.ActiveCfg = Debug|Any CPU
		{794E54D4-0906-0946-BB07-AB9ABC3833AF}.Debug|x64.Build.0 = Debug|Any CPU
		{794E54D4-0906-0946-BB07-AB9ABC3833AF}.Debug|x86.ActiveCfg = Debug|Any CPU
		{794E54D4-0906-0946-BB07-AB9ABC3833AF}.Debug|x86.Build.0 = Debug|Any CPU
		{794E54D4-0906-0946-BB07-AB9ABC3833AF}.Release|Any CPU.ActiveCfg = Release|Any CPU
		{794E54D4-0906-0946-BB07-AB9ABC3833AF}.Release|Any CPU.Build.0 = Release|Any CPU
		{794E54D4-0906-0946-BB07-AB9ABC3833AF}.Release|x64.ActiveCfg = Release|Any CPU
		{794E54D4-0906-0946-BB07-AB9ABC3833AF}.Release|x64.Build.0 = Release|Any CPU
		{794E54D4-0906-0946-BB07-AB9ABC3833AF}.Release|x86.ActiveCfg = Release|Any CPU
		{794E54D4-0906-0946-BB07-AB9ABC3833AF}.Release|x86.Build.0 = Release|Any CPU
		{23113C0F-D935-5F36-E47A-B7B4074879D5}.Debug|Any CPU.ActiveCfg = Debug|Any CPU
		{23113C0F-D935-5F36-E47A-B7B4074879D5}.Debug|Any CPU.Build.0 = Debug|Any CPU
		{23113C0F-D935-5F36-E47A-B7B4074879D5}.Debug|x64.ActiveCfg = Debug|Any CPU
		{23113C0F-D935-5F36-E47A-B7B4074879D5}.Debug|x64.Build.0 = Debug|Any CPU
		{23113C0F-D935-5F36-E47A-B7B4074879D5}.Debug|x86.ActiveCfg = Debug|Any CPU
		{23113C0F-D935-5F36-E47A-B7B4074879D5}.Debug|x86.Build.0 = Debug|Any CPU
		{23113C0F-D935-5F36-E47A-B7B4074879D5}.Release|Any CPU.ActiveCfg = Release|Any CPU
		{23113C0F-D935-5F36-E47A-B7B4074879D5}.Release|Any CPU.Build.0 = Release|Any CPU
		{23113C0F-D935-5F36-E47A-B7B4074879D5}.Release|x64.ActiveCfg = Release|Any CPU
		{23113C0F-D935-5F36-E47A-B7B4074879D5}.Release|x64.Build.0 = Release|Any CPU
		{23113C0F-D935-5F36-E47A-B7B4074879D5}.Release|x86.ActiveCfg = Release|Any CPU
		{23113C0F-D935-5F36-E47A-B7B4074879D5}.Release|x86.Build.0 = Release|Any CPU
		{55C74704-68FE-855F-E456-DCB9A7CCCA02}.Debug|Any CPU.ActiveCfg = Debug|Any CPU
		{55C74704-68FE-855F-E456-DCB9A7CCCA02}.Debug|Any CPU.Build.0 = Debug|Any CPU
		{55C74704-68FE-855F-E456-DCB9A7CCCA02}.Debug|x64.ActiveCfg = Debug|Any CPU
		{55C74704-68FE-855F-E456-DCB9A7CCCA02}.Debug|x64.Build.0 = Debug|Any CPU
		{55C74704-68FE-855F-E456-DCB9A7CCCA02}.Debug|x86.ActiveCfg = Debug|Any CPU
		{55C74704-68FE-855F-E456-DCB9A7CCCA02}.Debug|x86.Build.0 = Debug|Any CPU
		{55C74704-68FE-855F-E456-DCB9A7CCCA02}.Release|Any CPU.ActiveCfg = Release|Any CPU
		{55C74704-68FE-855F-E456-DCB9A7CCCA02}.Release|Any CPU.Build.0 = Release|Any CPU
		{55C74704-68FE-855F-E456-DCB9A7CCCA02}.Release|x64.ActiveCfg = Release|Any CPU
		{55C74704-68FE-855F-E456-DCB9A7CCCA02}.Release|x64.Build.0 = Release|Any CPU
		{55C74704-68FE-855F-E456-DCB9A7CCCA02}.Release|x86.ActiveCfg = Release|Any CPU
		{55C74704-68FE-855F-E456-DCB9A7CCCA02}.Release|x86.Build.0 = Release|Any CPU
		{0A02B9AF-336B-7389-5223-6FD63408B7FE}.Debug|Any CPU.ActiveCfg = Debug|Any CPU
		{0A02B9AF-336B-7389-5223-6FD63408B7FE}.Debug|Any CPU.Build.0 = Debug|Any CPU
		{0A02B9AF-336B-7389-5223-6FD63408B7FE}.Debug|x64.ActiveCfg = Debug|Any CPU
		{0A02B9AF-336B-7389-5223-6FD63408B7FE}.Debug|x64.Build.0 = Debug|Any CPU
		{0A02B9AF-336B-7389-5223-6FD63408B7FE}.Debug|x86.ActiveCfg = Debug|Any CPU
		{0A02B9AF-336B-7389-5223-6FD63408B7FE}.Debug|x86.Build.0 = Debug|Any CPU
		{0A02B9AF-336B-7389-5223-6FD63408B7FE}.Release|Any CPU.ActiveCfg = Release|Any CPU
		{0A02B9AF-336B-7389-5223-6FD63408B7FE}.Release|Any CPU.Build.0 = Release|Any CPU
		{0A02B9AF-336B-7389-5223-6FD63408B7FE}.Release|x64.ActiveCfg = Release|Any CPU
		{0A02B9AF-336B-7389-5223-6FD63408B7FE}.Release|x64.Build.0 = Release|Any CPU
		{0A02B9AF-336B-7389-5223-6FD63408B7FE}.Release|x86.ActiveCfg = Release|Any CPU
		{0A02B9AF-336B-7389-5223-6FD63408B7FE}.Release|x86.Build.0 = Release|Any CPU
		{BA0E074E-9252-439D-B7E8-AAA1377020CA}.Debug|Any CPU.ActiveCfg = Debug|Any CPU
		{BA0E074E-9252-439D-B7E8-AAA1377020CA}.Debug|Any CPU.Build.0 = Debug|Any CPU
		{BA0E074E-9252-439D-B7E8-AAA1377020CA}.Debug|x64.ActiveCfg = Debug|Any CPU
		{BA0E074E-9252-439D-B7E8-AAA1377020CA}.Debug|x64.Build.0 = Debug|Any CPU
		{BA0E074E-9252-439D-B7E8-AAA1377020CA}.Debug|x86.ActiveCfg = Debug|Any CPU
		{BA0E074E-9252-439D-B7E8-AAA1377020CA}.Debug|x86.Build.0 = Debug|Any CPU
		{BA0E074E-9252-439D-B7E8-AAA1377020CA}.Release|Any CPU.ActiveCfg = Release|Any CPU
		{BA0E074E-9252-439D-B7E8-AAA1377020CA}.Release|Any CPU.Build.0 = Release|Any CPU
		{BA0E074E-9252-439D-B7E8-AAA1377020CA}.Release|x64.ActiveCfg = Release|Any CPU
		{BA0E074E-9252-439D-B7E8-AAA1377020CA}.Release|x64.Build.0 = Release|Any CPU
		{BA0E074E-9252-439D-B7E8-AAA1377020CA}.Release|x86.ActiveCfg = Release|Any CPU
		{BA0E074E-9252-439D-B7E8-AAA1377020CA}.Release|x86.Build.0 = Release|Any CPU
		{6DDA8EF9-5A94-4136-9BF6-0C126A658032}.Debug|Any CPU.ActiveCfg = Debug|Any CPU
		{6DDA8EF9-5A94-4136-9BF6-0C126A658032}.Debug|Any CPU.Build.0 = Debug|Any CPU
		{6DDA8EF9-5A94-4136-9BF6-0C126A658032}.Debug|x64.ActiveCfg = Debug|Any CPU
		{6DDA8EF9-5A94-4136-9BF6-0C126A658032}.Debug|x64.Build.0 = Debug|Any CPU
		{6DDA8EF9-5A94-4136-9BF6-0C126A658032}.Debug|x86.ActiveCfg = Debug|Any CPU
		{6DDA8EF9-5A94-4136-9BF6-0C126A658032}.Debug|x86.Build.0 = Debug|Any CPU
		{6DDA8EF9-5A94-4136-9BF6-0C126A658032}.Release|Any CPU.ActiveCfg = Release|Any CPU
		{6DDA8EF9-5A94-4136-9BF6-0C126A658032}.Release|Any CPU.Build.0 = Release|Any CPU
		{6DDA8EF9-5A94-4136-9BF6-0C126A658032}.Release|x64.ActiveCfg = Release|Any CPU
		{6DDA8EF9-5A94-4136-9BF6-0C126A658032}.Release|x64.Build.0 = Release|Any CPU
		{6DDA8EF9-5A94-4136-9BF6-0C126A658032}.Release|x86.ActiveCfg = Release|Any CPU
		{6DDA8EF9-5A94-4136-9BF6-0C126A658032}.Release|x86.Build.0 = Release|Any CPU
		{7CA6F16F-08D1-4D22-86E9-168F958194A7}.Debug|Any CPU.ActiveCfg = Debug|Any CPU
		{7CA6F16F-08D1-4D22-86E9-168F958194A7}.Debug|Any CPU.Build.0 = Debug|Any CPU
		{7CA6F16F-08D1-4D22-86E9-168F958194A7}.Debug|x64.ActiveCfg = Debug|Any CPU
		{7CA6F16F-08D1-4D22-86E9-168F958194A7}.Debug|x64.Build.0 = Debug|Any CPU
		{7CA6F16F-08D1-4D22-86E9-168F958194A7}.Debug|x86.ActiveCfg = Debug|Any CPU
		{7CA6F16F-08D1-4D22-86E9-168F958194A7}.Debug|x86.Build.0 = Debug|Any CPU
		{7CA6F16F-08D1-4D22-86E9-168F958194A7}.Release|Any CPU.ActiveCfg = Release|Any CPU
		{7CA6F16F-08D1-4D22-86E9-168F958194A7}.Release|Any CPU.Build.0 = Release|Any CPU
		{7CA6F16F-08D1-4D22-86E9-168F958194A7}.Release|x64.ActiveCfg = Release|Any CPU
		{7CA6F16F-08D1-4D22-86E9-168F958194A7}.Release|x64.Build.0 = Release|Any CPU
		{7CA6F16F-08D1-4D22-86E9-168F958194A7}.Release|x86.ActiveCfg = Release|Any CPU
		{7CA6F16F-08D1-4D22-86E9-168F958194A7}.Release|x86.Build.0 = Release|Any CPU
		{8AEE0DFB-B17E-46E8-97FF-2D5BA0539468}.Debug|Any CPU.ActiveCfg = Debug|Any CPU
		{8AEE0DFB-B17E-46E8-97FF-2D5BA0539468}.Debug|Any CPU.Build.0 = Debug|Any CPU
		{8AEE0DFB-B17E-46E8-97FF-2D5BA0539468}.Debug|x64.ActiveCfg = Debug|Any CPU
		{8AEE0DFB-B17E-46E8-97FF-2D5BA0539468}.Debug|x64.Build.0 = Debug|Any CPU
		{8AEE0DFB-B17E-46E8-97FF-2D5BA0539468}.Debug|x86.ActiveCfg = Debug|Any CPU
		{8AEE0DFB-B17E-46E8-97FF-2D5BA0539468}.Debug|x86.Build.0 = Debug|Any CPU
		{8AEE0DFB-B17E-46E8-97FF-2D5BA0539468}.Release|Any CPU.ActiveCfg = Release|Any CPU
		{8AEE0DFB-B17E-46E8-97FF-2D5BA0539468}.Release|Any CPU.Build.0 = Release|Any CPU
		{8AEE0DFB-B17E-46E8-97FF-2D5BA0539468}.Release|x64.ActiveCfg = Release|Any CPU
		{8AEE0DFB-B17E-46E8-97FF-2D5BA0539468}.Release|x64.Build.0 = Release|Any CPU
		{8AEE0DFB-B17E-46E8-97FF-2D5BA0539468}.Release|x86.ActiveCfg = Release|Any CPU
		{8AEE0DFB-B17E-46E8-97FF-2D5BA0539468}.Release|x86.Build.0 = Release|Any CPU
		{030CDA17-538C-4FB5-8A3F-85CAED85F883}.Debug|Any CPU.ActiveCfg = Debug|Any CPU
		{030CDA17-538C-4FB5-8A3F-85CAED85F883}.Debug|Any CPU.Build.0 = Debug|Any CPU
		{030CDA17-538C-4FB5-8A3F-85CAED85F883}.Debug|x64.ActiveCfg = Debug|Any CPU
		{030CDA17-538C-4FB5-8A3F-85CAED85F883}.Debug|x64.Build.0 = Debug|Any CPU
		{030CDA17-538C-4FB5-8A3F-85CAED85F883}.Debug|x86.ActiveCfg = Debug|Any CPU
		{030CDA17-538C-4FB5-8A3F-85CAED85F883}.Debug|x86.Build.0 = Debug|Any CPU
		{030CDA17-538C-4FB5-8A3F-85CAED85F883}.Release|Any CPU.ActiveCfg = Release|Any CPU
		{030CDA17-538C-4FB5-8A3F-85CAED85F883}.Release|Any CPU.Build.0 = Release|Any CPU
		{030CDA17-538C-4FB5-8A3F-85CAED85F883}.Release|x64.ActiveCfg = Release|Any CPU
		{030CDA17-538C-4FB5-8A3F-85CAED85F883}.Release|x64.Build.0 = Release|Any CPU
		{030CDA17-538C-4FB5-8A3F-85CAED85F883}.Release|x86.ActiveCfg = Release|Any CPU
		{030CDA17-538C-4FB5-8A3F-85CAED85F883}.Release|x86.Build.0 = Release|Any CPU
		{00D6C7CB-462A-4479-9BA7-CEF05F5513AA}.Debug|Any CPU.ActiveCfg = Debug|Any CPU
		{00D6C7CB-462A-4479-9BA7-CEF05F5513AA}.Debug|Any CPU.Build.0 = Debug|Any CPU
		{00D6C7CB-462A-4479-9BA7-CEF05F5513AA}.Debug|x64.ActiveCfg = Debug|Any CPU
		{00D6C7CB-462A-4479-9BA7-CEF05F5513AA}.Debug|x64.Build.0 = Debug|Any CPU
		{00D6C7CB-462A-4479-9BA7-CEF05F5513AA}.Debug|x86.ActiveCfg = Debug|Any CPU
		{00D6C7CB-462A-4479-9BA7-CEF05F5513AA}.Debug|x86.Build.0 = Debug|Any CPU
		{00D6C7CB-462A-4479-9BA7-CEF05F5513AA}.Release|Any CPU.ActiveCfg = Release|Any CPU
		{00D6C7CB-462A-4479-9BA7-CEF05F5513AA}.Release|Any CPU.Build.0 = Release|Any CPU
		{00D6C7CB-462A-4479-9BA7-CEF05F5513AA}.Release|x64.ActiveCfg = Release|Any CPU
		{00D6C7CB-462A-4479-9BA7-CEF05F5513AA}.Release|x64.Build.0 = Release|Any CPU
		{00D6C7CB-462A-4479-9BA7-CEF05F5513AA}.Release|x86.ActiveCfg = Release|Any CPU
		{00D6C7CB-462A-4479-9BA7-CEF05F5513AA}.Release|x86.Build.0 = Release|Any CPU
		{4C3DF83D-48C1-4436-AAA0-74EFD7A5012A}.Debug|Any CPU.ActiveCfg = Debug|Any CPU
		{4C3DF83D-48C1-4436-AAA0-74EFD7A5012A}.Debug|Any CPU.Build.0 = Debug|Any CPU
		{4C3DF83D-48C1-4436-AAA0-74EFD7A5012A}.Debug|x64.ActiveCfg = Debug|Any CPU
		{4C3DF83D-48C1-4436-AAA0-74EFD7A5012A}.Debug|x64.Build.0 = Debug|Any CPU
		{4C3DF83D-48C1-4436-AAA0-74EFD7A5012A}.Debug|x86.ActiveCfg = Debug|Any CPU
		{4C3DF83D-48C1-4436-AAA0-74EFD7A5012A}.Debug|x86.Build.0 = Debug|Any CPU
		{4C3DF83D-48C1-4436-AAA0-74EFD7A5012A}.Release|Any CPU.ActiveCfg = Release|Any CPU
		{4C3DF83D-48C1-4436-AAA0-74EFD7A5012A}.Release|Any CPU.Build.0 = Release|Any CPU
		{4C3DF83D-48C1-4436-AAA0-74EFD7A5012A}.Release|x64.ActiveCfg = Release|Any CPU
		{4C3DF83D-48C1-4436-AAA0-74EFD7A5012A}.Release|x64.Build.0 = Release|Any CPU
		{4C3DF83D-48C1-4436-AAA0-74EFD7A5012A}.Release|x86.ActiveCfg = Release|Any CPU
		{4C3DF83D-48C1-4436-AAA0-74EFD7A5012A}.Release|x86.Build.0 = Release|Any CPU
		{5CB8F7B9-5436-4469-BE17-F35C416E1C40}.Debug|Any CPU.ActiveCfg = Debug|Any CPU
		{5CB8F7B9-5436-4469-BE17-F35C416E1C40}.Debug|Any CPU.Build.0 = Debug|Any CPU
		{5CB8F7B9-5436-4469-BE17-F35C416E1C40}.Debug|x64.ActiveCfg = Debug|Any CPU
		{5CB8F7B9-5436-4469-BE17-F35C416E1C40}.Debug|x64.Build.0 = Debug|Any CPU
		{5CB8F7B9-5436-4469-BE17-F35C416E1C40}.Debug|x86.ActiveCfg = Debug|Any CPU
		{5CB8F7B9-5436-4469-BE17-F35C416E1C40}.Debug|x86.Build.0 = Debug|Any CPU
		{5CB8F7B9-5436-4469-BE17-F35C416E1C40}.Release|Any CPU.ActiveCfg = Release|Any CPU
		{5CB8F7B9-5436-4469-BE17-F35C416E1C40}.Release|Any CPU.Build.0 = Release|Any CPU
		{5CB8F7B9-5436-4469-BE17-F35C416E1C40}.Release|x64.ActiveCfg = Release|Any CPU
		{5CB8F7B9-5436-4469-BE17-F35C416E1C40}.Release|x64.Build.0 = Release|Any CPU
		{5CB8F7B9-5436-4469-BE17-F35C416E1C40}.Release|x86.ActiveCfg = Release|Any CPU
		{5CB8F7B9-5436-4469-BE17-F35C416E1C40}.Release|x86.Build.0 = Release|Any CPU
		{DBDEEA51-C2EA-406A-9D4E-FC34F3AA8D57}.Debug|Any CPU.ActiveCfg = Debug|Any CPU
		{DBDEEA51-C2EA-406A-9D4E-FC34F3AA8D57}.Debug|Any CPU.Build.0 = Debug|Any CPU
		{DBDEEA51-C2EA-406A-9D4E-FC34F3AA8D57}.Debug|x64.ActiveCfg = Debug|Any CPU
		{DBDEEA51-C2EA-406A-9D4E-FC34F3AA8D57}.Debug|x64.Build.0 = Debug|Any CPU
		{DBDEEA51-C2EA-406A-9D4E-FC34F3AA8D57}.Debug|x86.ActiveCfg = Debug|Any CPU
		{DBDEEA51-C2EA-406A-9D4E-FC34F3AA8D57}.Debug|x86.Build.0 = Debug|Any CPU
		{DBDEEA51-C2EA-406A-9D4E-FC34F3AA8D57}.Release|Any CPU.ActiveCfg = Release|Any CPU
		{DBDEEA51-C2EA-406A-9D4E-FC34F3AA8D57}.Release|Any CPU.Build.0 = Release|Any CPU
		{DBDEEA51-C2EA-406A-9D4E-FC34F3AA8D57}.Release|x64.ActiveCfg = Release|Any CPU
		{DBDEEA51-C2EA-406A-9D4E-FC34F3AA8D57}.Release|x64.Build.0 = Release|Any CPU
		{DBDEEA51-C2EA-406A-9D4E-FC34F3AA8D57}.Release|x86.ActiveCfg = Release|Any CPU
		{DBDEEA51-C2EA-406A-9D4E-FC34F3AA8D57}.Release|x86.Build.0 = Release|Any CPU
	EndGlobalSection
	GlobalSection(SolutionProperties) = preSolution
		HideSolutionNode = FALSE
	EndGlobalSection
	GlobalSection(NestedProjects) = preSolution
		{30BC7C5D-C611-4095-B3C6-AA89B606C1E9} = {827E0CD3-B72D-47B6-A68D-7590B98EB39B}
		{8D166B41-C410-449D-9335-DF797C2FECC6} = {827E0CD3-B72D-47B6-A68D-7590B98EB39B}
		{66D00040-549C-4A15-B741-63674AD6F4C9} = {827E0CD3-B72D-47B6-A68D-7590B98EB39B}
		{5640161F-E911-4E94-BC23-725DAFBE9427} = {827E0CD3-B72D-47B6-A68D-7590B98EB39B}
		{08C7E106-8848-468F-9A77-C3BBF8D76768} = {827E0CD3-B72D-47B6-A68D-7590B98EB39B}
		{CB5779C5-653A-4791-BF3F-66A39FFDFF1D} = {827E0CD3-B72D-47B6-A68D-7590B98EB39B}
		{67A57B00-0A3B-41AB-9A47-15707EE43BDA} = {827E0CD3-B72D-47B6-A68D-7590B98EB39B}
		{3734A0C0-DD42-4268-8CBB-DF6EC14B5D65} = {827E0CD3-B72D-47B6-A68D-7590B98EB39B}
		{FD6B65E6-4631-4793-8004-CDAC98819982} = {827E0CD3-B72D-47B6-A68D-7590B98EB39B}
		{794E54D4-0906-0946-BB07-AB9ABC3833AF} = {827E0CD3-B72D-47B6-A68D-7590B98EB39B}
		{23113C0F-D935-5F36-E47A-B7B4074879D5} = {827E0CD3-B72D-47B6-A68D-7590B98EB39B}
		{55C74704-68FE-855F-E456-DCB9A7CCCA02} = {827E0CD3-B72D-47B6-A68D-7590B98EB39B}
		{0A02B9AF-336B-7389-5223-6FD63408B7FE} = {827E0CD3-B72D-47B6-A68D-7590B98EB39B}
		{BA0E074E-9252-439D-B7E8-AAA1377020CA} = {827E0CD3-B72D-47B6-A68D-7590B98EB39B}
		{6DDA8EF9-5A94-4136-9BF6-0C126A658032} = {827E0CD3-B72D-47B6-A68D-7590B98EB39B}
		{7CA6F16F-08D1-4D22-86E9-168F958194A7} = {827E0CD3-B72D-47B6-A68D-7590B98EB39B}
		{8AEE0DFB-B17E-46E8-97FF-2D5BA0539468} = {827E0CD3-B72D-47B6-A68D-7590B98EB39B}
		{030CDA17-538C-4FB5-8A3F-85CAED85F883} = {827E0CD3-B72D-47B6-A68D-7590B98EB39B}
		{00D6C7CB-462A-4479-9BA7-CEF05F5513AA} = {827E0CD3-B72D-47B6-A68D-7590B98EB39B}
		{4C3DF83D-48C1-4436-AAA0-74EFD7A5012A} = {827E0CD3-B72D-47B6-A68D-7590B98EB39B}
		{5CB8F7B9-5436-4469-BE17-F35C416E1C40} = {827E0CD3-B72D-47B6-A68D-7590B98EB39B}
		{DBDEEA51-C2EA-406A-9D4E-FC34F3AA8D57} = {827E0CD3-B72D-47B6-A68D-7590B98EB39B}
	EndGlobalSection
	GlobalSection(ExtensibilityGlobals) = postSolution
		SolutionGuid = {AE2DEACB-A7F1-43A1-B459-F215FFD8F407}
	EndGlobalSection
EndGlobal
