
Microsoft Visual Studio Solution File, Format Version 12.00
# Visual Studio Version 17
VisualStudioVersion = 17.0.31903.59
MinimumVisualStudioVersion = 10.0.40219.1
Project("{FAE04EC0-301F-11D3-BF4B-00C04F79EFBC}") = "Tedd.TUI", "src\Tedd.TUI\Tedd.TUI.csproj", "{30BC7C5D-C611-4095-B3C6-AA89B606C1E9}"
EndProject
Project("{FAE04EC0-301F-11D3-BF4B-00C04F79EFBC}") = "Tedd.TUI.Tests", "src\Tedd.TUI.Tests\Tedd.TUI.Tests.csproj", "{8D166B41-C410-449D-9335-DF797C2FECC6}"
EndProject
Project("{2150E333-8FDC-42A3-9474-1A3956D46DE8}") = "src", "src", "{827E0CD3-B72D-47B6-A68D-7590B98EB39B}"
EndProject
Project("{FAE04EC0-301F-11D3-BF4B-00C04F79EFBC}") = "Tedd.TUI.HumanTests", "src\Tedd.TUI.HumanTests\Tedd.TUI.HumanTests.csproj", "{66D00040-549C-4A15-B741-63674AD6F4C9}"
EndProject
Project("{FAE04EC0-301F-11D3-BF4B-00C04F79EFBC}") = "Tedd.TUI.Platform.Console", "src\Tedd.TUI.Platform.Console\Tedd.TUI.Platform.Console.csproj", "{5640161F-E911-4E94-BC23-725DAFBE9427}"
EndProject
Project("{FAE04EC0-301F-11D3-BF4B-00C04F79EFBC}") = "Tedd.TUI.Archive", "src\Tedd.TUI.Archive\Tedd.TUI.Archive.csproj", "{08C7E106-8848-468F-9A77-C3BBF8D76768}"
EndProject
Project("{FAE04EC0-301F-11D3-BF4B-00C04F79EFBC}") = "Tedd.TUI.Benchmarks", "src\Tedd.TUI.Benchmarks\Tedd.TUI.Benchmarks.csproj", "{CB5779C5-653A-4791-BF3F-66A39FFDFF1D}"
EndProject
Global
	GlobalSection(SolutionConfigurationPlatforms) = preSolution
		Debug|Any CPU = Debug|Any CPU
		Debug|x64 = Debug|x64
		Debug|x86 = Debug|x86
		Release|Any CPU = Release|Any CPU
		Release|x64 = Release|x64
		Release|x86 = Release|x86
	EndGlobalSection
	GlobalSection(ProjectConfigurationPlatforms) = postSolution
		{30BC7C5D-C611-4095-B3C6-AA89B606C1E9}.Debug|Any CPU.ActiveCfg = Debug|Any CPU
		{30BC7C5D-C611-4095-B3C6-AA89B606C1E9}.Debug|Any CPU.Build.0 = Debug|Any CPU
		{30BC7C5D-C611-4095-B3C6-AA89B606C1E9}.Debug|x64.ActiveCfg = Debug|Any CPU
		{30BC7C5D-C611-4095-B3C6-AA89B606C1E9}.Debug|x64.Build.0 = Debug|Any CPU
		{30BC7C5D-C611-4095-B3C6-AA89B606C1E9}.Debug|x86.ActiveCfg = Debug|Any CPU
		{30BC7C5D-C611-4095-B3C6-AA89B606C1E9}.Debug|x86.Build.0 = Debug|Any CPU
		{30BC7C5D-C611-4095-B3C6-AA89B606C1E9}.Release|Any CPU.ActiveCfg = Release|Any CPU
		{30BC7C5D-C611-4095-B3C6-AA89B606C1E9}.Release|Any CPU.Build.0 = Release|Any CPU
		{30BC7C5D-C611-4095-B3C6-AA89B606C1E9}.Release|x64.ActiveCfg = Release|Any CPU
		{30BC7C5D-C611-4095-B3C6-AA89B606C1E9}.Release|x64.Build.0 = Release|Any CPU
		{30BC7C5D-C611-4095-B3C6-AA89B606C1E9}.Release|x86.ActiveCfg = Release|Any CPU
		{30BC7C5D-C611-4095-B3C6-AA89B606C1E9}.Release|x86.Build.0 = Release|Any CPU
		{8D166B41-C410-449D-9335-DF797C2FECC6}.Debug|Any CPU.ActiveCfg = Debug|Any CPU
		{8D166B41-C410-449D-9335-DF797C2FECC6}.Debug|Any CPU.Build.0 = Debug|Any CPU
		{8D166B41-C410-449D-9335-DF797C2FECC6}.Debug|x64.ActiveCfg = Debug|Any CPU
		{8D166B41-C410-449D-9335-DF797C2FECC6}.Debug|x64.Build.0 = Debug|Any CPU
		{8D166B41-C410-449D-9335-DF797C2FECC6}.Debug|x86.ActiveCfg = Debug|Any CPU
		{8D166B41-C410-449D-9335-DF797C2FECC6}.Debug|x86.Build.0 = Debug|Any CPU
		{8D166B41-C410-449D-9335-DF797C2FECC6}.Release|Any CPU.ActiveCfg = Release|Any CPU
		{8D166B41-C410-449D-9335-DF797C2FECC6}.Release|Any CPU.Build.0 = Release|Any CPU
		{8D166B41-C410-449D-9335-DF797C2FECC6}.Release|x64.ActiveCfg = Release|Any CPU
		{8D166B41-C410-449D-9335-DF797C2FECC6}.Release|x64.Build.0 = Release|Any CPU
		{8D166B41-C410-449D-9335-DF797C2FECC6}.Release|x86.ActiveCfg = Release|Any CPU
		{8D166B41-C410-449D-9335-DF797C2FECC6}.Release|x86.Build.0 = Release|Any CPU
		{66D00040-549C-4A15-B741-63674AD6F4C9}.Debug|Any CPU.ActiveCfg = Debug|Any CPU
		{66D00040-549C-4A15-B741-63674AD6F4C9}.Debug|Any CPU.Build.0 = Debug|Any CPU
		{66D00040-549C-4A15-B741-63674AD6F4C9}.Debug|x64.ActiveCfg = Debug|Any CPU
		{66D00040-549C-4A15-B741-63674AD6F4C9}.Debug|x64.Build.0 = Debug|Any CPU
		{66D00040-549C-4A15-B741-63674AD6F4C9}.Debug|x86.ActiveCfg = Debug|Any CPU
		{66D00040-549C-4A15-B741-63674AD6F4C9}.Debug|x86.Build.0 = Debug|Any CPU
		{66D00040-549C-4A15-B741-63674AD6F4C9}.Release|Any CPU.ActiveCfg = Release|Any CPU
		{66D00040-549C-4A15-B741-63674AD6F4C9}.Release|Any CPU.Build.0 = Release|Any CPU
		{66D00040-549C-4A15-B741-63674AD6F4C9}.Release|x64.ActiveCfg = Release|Any CPU
		{66D00040-549C-4A15-B741-63674AD6F4C9}.Release|x64.Build.0 = Release|Any CPU
		{66D00040-549C-4A15-B741-63674AD6F4C9}.Release|x86.ActiveCfg = Release|Any CPU
		{66D00040-549C-4A15-B741-63674AD6F4C9}.Release|x86.Build.0 = Release|Any CPU
		{5640161F-E911-4E94-BC23-725DAFBE9427}.Debug|Any CPU.ActiveCfg = Debug|Any CPU
		{5640161F-E911-4E94-BC23-725DAFBE9427}.Debug|Any CPU.Build.0 = Debug|Any CPU
		{5640161F-E911-4E94-BC23-725DAFBE9427}.Debug|x64.ActiveCfg = Debug|Any CPU
		{5640161F-E911-4E94-BC23-725DAFBE9427}.Debug|x64.Build.0 = Debug|Any CPU
		{5640161F-E911-4E94-BC23-725DAFBE9427}.Debug|x86.ActiveCfg = Debug|Any CPU
		{5640161F-E911-4E94-BC23-725DAFBE9427}.Debug|x86.Build.0 = Debug|Any CPU
		{5640161F-E911-4E94-BC23-725DAFBE9427}.Release|Any CPU.ActiveCfg = Release|Any CPU
		{5640161F-E911-4E94-BC23-725DAFBE9427}.Release|Any CPU.Build.0 = Release|Any CPU
		{5640161F-E911-4E94-BC23-725DAFBE9427}.Release|x64.ActiveCfg = Release|Any CPU
		{5640161F-E911-4E94-BC23-725DAFBE9427}.Release|x64.Build.0 = Release|Any CPU
		{5640161F-E911-4E94-BC23-725DAFBE9427}.Release|x86.ActiveCfg = Release|Any CPU
		{5640161F-E911-4E94-BC23-725DAFBE9427}.Release|x86.Build.0 = Release|Any CPU
		{08C7E106-8848-468F-9A77-C3BBF8D76768}.Debug|Any CPU.ActiveCfg = Debug|Any CPU
		{08C7E106-8848-468F-9A77-C3BBF8D76768}.Debug|Any CPU.Build.0 = Debug|Any CPU
		{08C7E106-8848-468F-9A77-C3BBF8D76768}.Debug|x64.ActiveCfg = Debug|Any CPU
		{08C7E106-8848-468F-9A77-C3BBF8D76768}.Debug|x64.Build.0 = Debug|Any CPU
		{08C7E106-8848-468F-9A77-C3BBF8D76768}.Debug|x86.ActiveCfg = Debug|Any CPU
		{08C7E106-8848-468F-9A77-C3BBF8D76768}.Debug|x86.Build.0 = Debug|Any CPU
		{08C7E106-8848-468F-9A77-C3BBF8D76768}.Release|Any CPU.ActiveCfg = Release|Any CPU
		{08C7E106-8848-468F-9A77-C3BBF8D76768}.Release|Any CPU.Build.0 = Release|Any CPU
		{08C7E106-8848-468F-9A77-C3BBF8D76768}.Release|x64.ActiveCfg = Release|Any CPU
		{08C7E106-8848-468F-9A77-C3BBF8D76768}.Release|x64.Build.0 = Release|Any CPU
		{08C7E106-8848-468F-9A77-C3BBF8D76768}.Release|x86.ActiveCfg = Release|Any CPU
		{08C7E106-8848-468F-9A77-C3BBF8D76768}.Release|x86.Build.0 = Release|Any CPU
		{CB5779C5-653A-4791-BF3F-66A39FFDFF1D}.Debug|Any CPU.ActiveCfg = Debug|Any CPU
		{CB5779C5-653A-4791-BF3F-66A39FFDFF1D}.Debug|Any CPU.Build.0 = Debug|Any CPU
		{CB5779C5-653A-4791-BF3F-66A39FFDFF1D}.Debug|x64.ActiveCfg = Debug|Any CPU
		{CB5779C5-653A-4791-BF3F-66A39FFDFF1D}.Debug|x64.Build.0 = Debug|Any CPU
		{CB5779C5-653A-4791-BF3F-66A39FFDFF1D}.Debug|x86.ActiveCfg = Debug|Any CPU
		{CB5779C5-653A-4791-BF3F-66A39FFDFF1D}.Debug|x86.Build.0 = Debug|Any CPU
		{CB5779C5-653A-4791-BF3F-66A39FFDFF1D}.Release|Any CPU.ActiveCfg = Release|Any CPU
		{CB5779C5-653A-4791-BF3F-66A39FFDFF1D}.Release|Any CPU.Build.0 = Release|Any CPU
		{CB5779C5-653A-4791-BF3F-66A39FFDFF1D}.Release|x64.ActiveCfg = Release|Any CPU
		{CB5779C5-653A-4791-BF3F-66A39FFDFF1D}.Release|x64.Build.0 = Release|Any CPU
		{CB5779C5-653A-4791-BF3F-66A39FFDFF1D}.Release|x86.ActiveCfg = Release|Any CPU
		{CB5779C5-653A-4791-BF3F-66A39FFDFF1D}.Release|x86.Build.0 = Release|Any CPU
	EndGlobalSection
	GlobalSection(SolutionProperties) = preSolution
		HideSolutionNode = FALSE
	EndGlobalSection
	GlobalSection(NestedProjects) = preSolution
		{66D00040-549C-4A15-B741-63674AD6F4C9} = {827E0CD3-B72D-47B6-A68D-7590B98EB39B}
		{5640161F-E911-4E94-BC23-725DAFBE9427} = {827E0CD3-B72D-47B6-A68D-7590B98EB39B}
		{08C7E106-8848-468F-9A77-C3BBF8D76768} = {827E0CD3-B72D-47B6-A68D-7590B98EB39B}
		{CB5779C5-653A-4791-BF3F-66A39FFDFF1D} = {827E0CD3-B72D-47B6-A68D-7590B98EB39B}
	EndGlobalSection
EndGlobal
