
Microsoft Visual Studio Solution File, Format Version 12.00
# Visual Studio Version 18
VisualStudioVersion = 18.3.11415.281
MinimumVisualStudioVersion = 10.0.40219.1
Project("{FAE04EC0-301F-11D3-BF4B-00C04F79EFBC}") = "Tedd.TUI", "Tedd.TUI\Tedd.TUI.csproj", "{30BC7C5D-C611-4095-B3C6-AA89B606C1E9}"
EndProject
Project("{FAE04EC0-301F-11D3-BF4B-00C04F79EFBC}") = "Tedd.TUI.Tests", "Tedd.TUI.Tests\Tedd.TUI.Tests.csproj", "{8D166B41-C410-449D-9335-DF797C2FECC6}"
EndProject
Project("{FAE04EC0-301F-11D3-BF4B-00C04F79EFBC}") = "Tedd.TUI.Platform.Console", "Tedd.TUI.Platform.Console\Tedd.TUI.Platform.Console.csproj", "{FD25F2BF-27B1-4A47-8E32-79E0F36D3419}"
EndProject
Project("{FAE04EC0-301F-11D3-BF4B-00C04F79EFBC}") = "Tedd.TUI.Demo", "Tedd.TUI.Demo\Tedd.TUI.Demo.csproj", "{86648612-3354-4F52-879F-6AACEEEDEA09}"
EndProject
Project("{FAE04EC0-301F-11D3-BF4B-00C04F79EFBC}") = "Tedd.TUI.Platform.Blazor", "Tedd.TUI.Platform.Blazor\Tedd.TUI.Platform.Blazor.csproj", "{89FF8C36-3D9E-4B22-9E34-394014B1D4FA}"
EndProject
Project("{FAE04EC0-301F-11D3-BF4B-00C04F79EFBC}") = "Tedd.TUI.Demo.Blazor", "Tedd.TUI.Demo.Blazor\Tedd.TUI.Demo.Blazor.csproj", "{DC62768F-3031-4EEF-B9EC-0AD784CC800D}"
EndProject
Project("{FAE04EC0-301F-11D3-BF4B-00C04F79EFBC}") = "Tedd.TUI.Benchmarks", "Tedd.TUI.Benchmarks\Tedd.TUI.Benchmarks.csproj", "{DB1F0628-973C-4985-9A88-D35EA097EC7F}"
EndProject
Project("{FAE04EC0-301F-11D3-BF4B-00C04F79EFBC}") = "Tedd.TUI.Platform.Blazor.Tests", "Tedd.TUI.Platform.Blazor.Tests\Tedd.TUI.Platform.Blazor.Tests.csproj", "{DB66B83F-79C5-4C9F-A7C2-E71D8536AA7D}"
EndProject
Project("{FAE04EC0-301F-11D3-BF4B-00C04F79EFBC}") = "Tedd.TUI.HumanTests", "Tedd.TUI.HumanTests\Tedd.TUI.HumanTests.csproj", "{DF5E9D9F-B99C-288E-3224-06BE86D1DE92}"
EndProject
Project("{FAE04EC0-301F-11D3-BF4B-00C04F79EFBC}") = "Tedd.TUI.Archive", "Tedd.TUI.Archive\Tedd.TUI.Archive.csproj", "{4D331880-F4A3-410B-B5C1-5BE09D53147C}"
EndProject
Project("{FAE04EC0-301F-11D3-BF4B-00C04F79EFBC}") = "Tedd.TUI.Platform.Wpf", "Tedd.TUI.Platform.Wpf\Tedd.TUI.Platform.Wpf.csproj", "{FF79474E-3EE2-4E64-8DA2-025547AE127B}"
EndProject
Project("{FAE04EC0-301F-11D3-BF4B-00C04F79EFBC}") = "Tedd.TUI.Surface.Skia", "Tedd.TUI.Surface.Skia\Tedd.TUI.Surface.Skia.csproj", "{6551DA8A-1B91-4F3F-ACA1-59AF8495229C}"
EndProject
Project("{FAE04EC0-301F-11D3-BF4B-00C04F79EFBC}") = "Tedd.TUI.Platform.Avalonia", "Tedd.TUI.Platform.Avalonia\Tedd.TUI.Platform.Avalonia.csproj", "{0B437663-59F6-4F28-A550-5D29FEA9521C}"
EndProject
Project("{FAE04EC0-301F-11D3-BF4B-00C04F79EFBC}") = "Tedd.TUI.Platform.WinUI", "Tedd.TUI.Platform.WinUI\Tedd.TUI.Platform.WinUI.csproj", "{493507E3-ED4B-451A-A940-6882BCD49EA9}"
EndProject
Project("{FAE04EC0-301F-11D3-BF4B-00C04F79EFBC}") = "Tedd.TUI.Platform.Maui", "Tedd.TUI.Platform.Maui\Tedd.TUI.Platform.Maui.csproj", "{5F68C438-9624-452D-9B24-41E2686C2790}"
EndProject
Project("{FAE04EC0-301F-11D3-BF4B-00C04F79EFBC}") = "Tedd.TUI.Platform.WindowsTerminal", "Tedd.TUI.Platform.WindowsTerminal\Tedd.TUI.Platform.WindowsTerminal.csproj", "{9F72BCC8-17A3-4445-9E65-D6FFE294C8EC}"
EndProject
Project("{FAE04EC0-301F-11D3-BF4B-00C04F79EFBC}") = "Tedd.TUI.Platform.LinuxTerminal", "Tedd.TUI.Platform.LinuxTerminal\Tedd.TUI.Platform.LinuxTerminal.csproj", "{F713BCBB-FE55-4924-BA37-5A644545B489}"
EndProject
Project("{FAE04EC0-301F-11D3-BF4B-00C04F79EFBC}") = "Tedd.TUI.Imaging", "Tedd.TUI.Imaging\Tedd.TUI.Imaging.csproj", "{387627AB-B9C7-4504-8E54-E1F168F5DF17}"
EndProject
Project("{FAE04EC0-301F-11D3-BF4B-00C04F79EFBC}") = "Tedd.TUI.Platform.Skia", "Tedd.TUI.Platform.Skia\Tedd.TUI.Platform.Skia.csproj", "{3FDFE1CE-70A4-4A3A-A584-AB53249E89EB}"
EndProject
Project("{FAE04EC0-301F-11D3-BF4B-00C04F79EFBC}") = "Tedd.TUI.Platform.Skia.Tests", "Tedd.TUI.Platform.Skia.Tests\Tedd.TUI.Platform.Skia.Tests.csproj", "{F0C76C00-3EA7-43DE-99B1-58993CB7A2BA}"
EndProject
Project("{FAE04EC0-301F-11D3-BF4B-00C04F79EFBC}") = "Tedd.TUI.Platform.Sdl2", "Tedd.TUI.Platform.Sdl2\Tedd.TUI.Platform.Sdl2.csproj", "{EFA879FA-7882-4D6B-B505-6C8B1E9D3ED6}"
EndProject
Project("{FAE04EC0-301F-11D3-BF4B-00C04F79EFBC}") = "Tedd.TUI.Platform.Sdl2.Tests", "Tedd.TUI.Platform.Sdl2.Tests\Tedd.TUI.Platform.Sdl2.Tests.csproj", "{2F86D755-4107-461C-842B-C8650010EF49}"
EndProject
Global
	GlobalSection(SolutionConfigurationPlatforms) = preSolution
		Debug|Any CPU = Debug|Any CPU
		Debug|x64 = Debug|x64
		Debug|x86 = Debug|x86
		Release|Any CPU = Release|Any CPU
		Release|x64 = Release|x64
		Release|x86 = Release|x86
	EndGlobalSection
	GlobalSection(ProjectConfigurationPlatforms) = postSolution
		{30BC7C5D-C611-4095-B3C6-AA89B606C1E9}.Debug|Any CPU.ActiveCfg = Debug|Any CPU
		{30BC7C5D-C611-4095-B3C6-AA89B606C1E9}.Debug|Any CPU.Build.0 = Debug|Any CPU
		{30BC7C5D-C611-4095-B3C6-AA89B606C1E9}.Debug|x64.ActiveCfg = Debug|Any CPU
		{30BC7C5D-C611-4095-B3C6-AA89B606C1E9}.Debug|x64.Build.0 = Debug|Any CPU
		{30BC7C5D-C611-4095-B3C6-AA89B606C1E9}.Debug|x86.ActiveCfg = Debug|Any CPU
		{30BC7C5D-C611-4095-B3C6-AA89B606C1E9}.Debug|x86.Build.0 = Debug|Any CPU
		{30BC7C5D-C611-4095-B3C6-AA89B606C1E9}.Release|Any CPU.ActiveCfg = Release|Any CPU
		{30BC7C5D-C611-4095-B3C6-AA89B606C1E9}.Release|Any CPU.Build.0 = Release|Any CPU
		{30BC7C5D-C611-4095-B3C6-AA89B606C1E9}.Release|x64.ActiveCfg = Release|Any CPU
		{30BC7C5D-C611-4095-B3C6-AA89B606C1E9}.Release|x64.Build.0 = Release|Any CPU
		{30BC7C5D-C611-4095-B3C6-AA89B606C1E9}.Release|x86.ActiveCfg = Release|Any CPU
		{30BC7C5D-C611-4095-B3C6-AA89B606C1E9}.Release|x86.Build.0 = Release|Any CPU
		{8D166B41-C410-449D-9335-DF797C2FECC6}.Debug|Any CPU.ActiveCfg = Debug|Any CPU
		{8D166B41-C410-449D-9335-DF797C2FECC6}.Debug|Any CPU.Build.0 = Debug|Any CPU
		{8D166B41-C410-449D-9335-DF797C2FECC6}.Debug|x64.ActiveCfg = Debug|Any CPU
		{8D166B41-C410-449D-9335-DF797C2FECC6}.Debug|x64.Build.0 = Debug|Any CPU
		{8D166B41-C410-449D-9335-DF797C2FECC6}.Debug|x86.ActiveCfg = Debug|Any CPU
		{8D166B41-C410-449D-9335-DF797C2FECC6}.Debug|x86.Build.0 = Debug|Any CPU
		{8D166B41-C410-449D-9335-DF797C2FECC6}.Release|Any CPU.ActiveCfg = Release|Any CPU
		{8D166B41-C410-449D-9335-DF797C2FECC6}.Release|Any CPU.Build.0 = Release|Any CPU
		{8D166B41-C410-449D-9335-DF797C2FECC6}.Release|x64.ActiveCfg = Release|Any CPU
		{8D166B41-C410-449D-9335-DF797C2FECC6}.Release|x64.Build.0 = Release|Any CPU
		{8D166B41-C410-449D-9335-DF797C2FECC6}.Release|x86.ActiveCfg = Release|Any CPU
		{8D166B41-C410-449D-9335-DF797C2FECC6}.Release|x86.Build.0 = Release|Any CPU
		{FD25F2BF-27B1-4A47-8E32-79E0F36D3419}.Debug|Any CPU.ActiveCfg = Debug|Any CPU
		{FD25F2BF-27B1-4A47-8E32-79E0F36D3419}.Debug|Any CPU.Build.0 = Debug|Any CPU
		{FD25F2BF-27B1-4A47-8E32-79E0F36D3419}.Debug|x64.ActiveCfg = Debug|Any CPU
		{FD25F2BF-27B1-4A47-8E32-79E0F36D3419}.Debug|x64.Build.0 = Debug|Any CPU
		{FD25F2BF-27B1-4A47-8E32-79E0F36D3419}.Debug|x86.ActiveCfg = Debug|Any CPU
		{FD25F2BF-27B1-4A47-8E32-79E0F36D3419}.Debug|x86.Build.0 = Debug|Any CPU
		{FD25F2BF-27B1-4A47-8E32-79E0F36D3419}.Release|Any CPU.ActiveCfg = Release|Any CPU
		{FD25F2BF-27B1-4A47-8E32-79E0F36D3419}.Release|Any CPU.Build.0 = Release|Any CPU
		{FD25F2BF-27B1-4A47-8E32-79E0F36D3419}.Release|x64.ActiveCfg = Release|Any CPU
		{FD25F2BF-27B1-4A47-8E32-79E0F36D3419}.Release|x64.Build.0 = Release|Any CPU
		{FD25F2BF-27B1-4A47-8E32-79E0F36D3419}.Release|x86.ActiveCfg = Release|Any CPU
		{FD25F2BF-27B1-4A47-8E32-79E0F36D3419}.Release|x86.Build.0 = Release|Any CPU
		{86648612-3354-4F52-879F-6AACEEEDEA09}.Debug|Any CPU.ActiveCfg = Debug|Any CPU
		{86648612-3354-4F52-879F-6AACEEEDEA09}.Debug|Any CPU.Build.0 = Debug|Any CPU
		{86648612-3354-4F52-879F-6AACEEEDEA09}.Debug|x64.ActiveCfg = Debug|Any CPU
		{86648612-3354-4F52-879F-6AACEEEDEA09}.Debug|x64.Build.0 = Debug|Any CPU
		{86648612-3354-4F52-879F-6AACEEEDEA09}.Debug|x86.ActiveCfg = Debug|Any CPU
		{86648612-3354-4F52-879F-6AACEEEDEA09}.Debug|x86.Build.0 = Debug|Any CPU
		{86648612-3354-4F52-879F-6AACEEEDEA09}.Release|Any CPU.ActiveCfg = Release|Any CPU
		{86648612-3354-4F52-879F-6AACEEEDEA09}.Release|Any CPU.Build.0 = Release|Any CPU
		{86648612-3354-4F52-879F-6AACEEEDEA09}.Release|x64.ActiveCfg = Release|Any CPU
		{86648612-3354-4F52-879F-6AACEEEDEA09}.Release|x64.Build.0 = Release|Any CPU
		{86648612-3354-4F52-879F-6AACEEEDEA09}.Release|x86.ActiveCfg = Release|Any CPU
		{86648612-3354-4F52-879F-6AACEEEDEA09}.Release|x86.Build.0 = Release|Any CPU
		{89FF8C36-3D9E-4B22-9E34-394014B1D4FA}.Debug|Any CPU.ActiveCfg = Debug|Any CPU
		{89FF8C36-3D9E-4B22-9E34-394014B1D4FA}.Debug|Any CPU.Build.0 = Debug|Any CPU
		{89FF8C36-3D9E-4B22-9E34-394014B1D4FA}.Debug|x64.ActiveCfg = Debug|Any CPU
		{89FF8C36-3D9E-4B22-9E34-394014B1D4FA}.Debug|x64.Build.0 = Debug|Any CPU
		{89FF8C36-3D9E-4B22-9E34-394014B1D4FA}.Debug|x86.ActiveCfg = Debug|Any CPU
		{89FF8C36-3D9E-4B22-9E34-394014B1D4FA}.Debug|x86.Build.0 = Debug|Any CPU
		{89FF8C36-3D9E-4B22-9E34-394014B1D4FA}.Release|Any CPU.ActiveCfg = Release|Any CPU
		{89FF8C36-3D9E-4B22-9E34-394014B1D4FA}.Release|Any CPU.Build.0 = Release|Any CPU
		{89FF8C36-3D9E-4B22-9E34-394014B1D4FA}.Release|x64.ActiveCfg = Release|Any CPU
		{89FF8C36-3D9E-4B22-9E34-394014B1D4FA}.Release|x64.Build.0 = Release|Any CPU
		{89FF8C36-3D9E-4B22-9E34-394014B1D4FA}.Release|x86.ActiveCfg = Release|Any CPU
		{89FF8C36-3D9E-4B22-9E34-394014B1D4FA}.Release|x86.Build.0 = Release|Any CPU
		{DC62768F-3031-4EEF-B9EC-0AD784CC800D}.Debug|Any CPU.ActiveCfg = Debug|Any CPU
		{DC62768F-3031-4EEF-B9EC-0AD784CC800D}.Debug|Any CPU.Build.0 = Debug|Any CPU
		{DC62768F-3031-4EEF-B9EC-0AD784CC800D}.Debug|x64.ActiveCfg = Debug|Any CPU
		{DC62768F-3031-4EEF-B9EC-0AD784CC800D}.Debug|x64.Build.0 = Debug|Any CPU
		{DC62768F-3031-4EEF-B9EC-0AD784CC800D}.Debug|x86.ActiveCfg = Debug|Any CPU
		{DC62768F-3031-4EEF-B9EC-0AD784CC800D}.Debug|x86.Build.0 = Debug|Any CPU
		{DC62768F-3031-4EEF-B9EC-0AD784CC800D}.Release|Any CPU.ActiveCfg = Release|Any CPU
		{DC62768F-3031-4EEF-B9EC-0AD784CC800D}.Release|Any CPU.Build.0 = Release|Any CPU
		{DC62768F-3031-4EEF-B9EC-0AD784CC800D}.Release|x64.ActiveCfg = Release|Any CPU
		{DC62768F-3031-4EEF-B9EC-0AD784CC800D}.Release|x64.Build.0 = Release|Any CPU
		{DC62768F-3031-4EEF-B9EC-0AD784CC800D}.Release|x86.ActiveCfg = Release|Any CPU
		{DC62768F-3031-4EEF-B9EC-0AD784CC800D}.Release|x86.Build.0 = Release|Any CPU
		{DB1F0628-973C-4985-9A88-D35EA097EC7F}.Debug|Any CPU.ActiveCfg = Debug|Any CPU
		{DB1F0628-973C-4985-9A88-D35EA097EC7F}.Debug|Any CPU.Build.0 = Debug|Any CPU
		{DB1F0628-973C-4985-9A88-D35EA097EC7F}.Debug|x64.ActiveCfg = Debug|Any CPU
		{DB1F0628-973C-4985-9A88-D35EA097EC7F}.Debug|x64.Build.0 = Debug|Any CPU
		{DB1F0628-973C-4985-9A88-D35EA097EC7F}.Debug|x86.ActiveCfg = Debug|Any CPU
		{DB1F0628-973C-4985-9A88-D35EA097EC7F}.Debug|x86.Build.0 = Debug|Any CPU
		{DB1F0628-973C-4985-9A88-D35EA097EC7F}.Release|Any CPU.ActiveCfg = Release|Any CPU
		{DB1F0628-973C-4985-9A88-D35EA097EC7F}.Release|Any CPU.Build.0 = Release|Any CPU
		{DB1F0628-973C-4985-9A88-D35EA097EC7F}.Release|x64.ActiveCfg = Release|Any CPU
		{DB1F0628-973C-4985-9A88-D35EA097EC7F}.Release|x64.Build.0 = Release|Any CPU
		{DB1F0628-973C-4985-9A88-D35EA097EC7F}.Release|x86.ActiveCfg = Release|Any CPU
		{DB1F0628-973C-4985-9A88-D35EA097EC7F}.Release|x86.Build.0 = Release|Any CPU
		{DB66B83F-79C5-4C9F-A7C2-E71D8536AA7D}.Debug|Any CPU.ActiveCfg = Debug|Any CPU
		{DB66B83F-79C5-4C9F-A7C2-E71D8536AA7D}.Debug|Any CPU.Build.0 = Debug|Any CPU
		{DB66B83F-79C5-4C9F-A7C2-E71D8536AA7D}.Debug|x64.ActiveCfg = Debug|Any CPU
		{DB66B83F-79C5-4C9F-A7C2-E71D8536AA7D}.Debug|x64.Build.0 = Debug|Any CPU
		{DB66B83F-79C5-4C9F-A7C2-E71D8536AA7D}.Debug|x86.ActiveCfg = Debug|Any CPU
		{DB66B83F-79C5-4C9F-A7C2-E71D8536AA7D}.Debug|x86.Build.0 = Debug|Any CPU
		{DB66B83F-79C5-4C9F-A7C2-E71D8536AA7D}.Release|Any CPU.ActiveCfg = Release|Any CPU
		{DB66B83F-79C5-4C9F-A7C2-E71D8536AA7D}.Release|Any CPU.Build.0 = Release|Any CPU
		{DB66B83F-79C5-4C9F-A7C2-E71D8536AA7D}.Release|x64.ActiveCfg = Release|Any CPU
		{DB66B83F-79C5-4C9F-A7C2-E71D8536AA7D}.Release|x64.Build.0 = Release|Any CPU
		{DB66B83F-79C5-4C9F-A7C2-E71D8536AA7D}.Release|x86.ActiveCfg = Release|Any CPU
		{DB66B83F-79C5-4C9F-A7C2-E71D8536AA7D}.Release|x86.Build.0 = Release|Any CPU
		{DF5E9D9F-B99C-288E-3224-06BE86D1DE92}.Debug|Any CPU.ActiveCfg = Debug|Any CPU
		{DF5E9D9F-B99C-288E-3224-06BE86D1DE92}.Debug|Any CPU.Build.0 = Debug|Any CPU
		{DF5E9D9F-B99C-288E-3224-06BE86D1DE92}.Debug|x64.ActiveCfg = Debug|Any CPU
		{DF5E9D9F-B99C-288E-3224-06BE86D1DE92}.Debug|x64.Build.0 = Debug|Any CPU
		{DF5E9D9F-B99C-288E-3224-06BE86D1DE92}.Debug|x86.ActiveCfg = Debug|Any CPU
		{DF5E9D9F-B99C-288E-3224-06BE86D1DE92}.Debug|x86.Build.0 = Debug|Any CPU
		{DF5E9D9F-B99C-288E-3224-06BE86D1DE92}.Release|Any CPU.ActiveCfg = Release|Any CPU
		{DF5E9D9F-B99C-288E-3224-06BE86D1DE92}.Release|Any CPU.Build.0 = Release|Any CPU
		{DF5E9D9F-B99C-288E-3224-06BE86D1DE92}.Release|x64.ActiveCfg = Release|Any CPU
		{DF5E9D9F-B99C-288E-3224-06BE86D1DE92}.Release|x64.Build.0 = Release|Any CPU
		{DF5E9D9F-B99C-288E-3224-06BE86D1DE92}.Release|x86.ActiveCfg = Release|Any CPU
		{DF5E9D9F-B99C-288E-3224-06BE86D1DE92}.Release|x86.Build.0 = Release|Any CPU
		{4D331880-F4A3-410B-B5C1-5BE09D53147C}.Debug|Any CPU.ActiveCfg = Debug|Any CPU
		{4D331880-F4A3-410B-B5C1-5BE09D53147C}.Debug|Any CPU.Build.0 = Debug|Any CPU
		{4D331880-F4A3-410B-B5C1-5BE09D53147C}.Debug|x64.ActiveCfg = Debug|Any CPU
		{4D331880-F4A3-410B-B5C1-5BE09D53147C}.Debug|x64.Build.0 = Debug|Any CPU
		{4D331880-F4A3-410B-B5C1-5BE09D53147C}.Debug|x86.ActiveCfg = Debug|Any CPU
		{4D331880-F4A3-410B-B5C1-5BE09D53147C}.Debug|x86.Build.0 = Debug|Any CPU
		{4D331880-F4A3-410B-B5C1-5BE09D53147C}.Release|Any CPU.ActiveCfg = Release|Any CPU
		{4D331880-F4A3-410B-B5C1-5BE09D53147C}.Release|Any CPU.Build.0 = Release|Any CPU
		{4D331880-F4A3-410B-B5C1-5BE09D53147C}.Release|x64.ActiveCfg = Release|Any CPU
		{4D331880-F4A3-410B-B5C1-5BE09D53147C}.Release|x64.Build.0 = Release|Any CPU
		{4D331880-F4A3-410B-B5C1-5BE09D53147C}.Release|x86.ActiveCfg = Release|Any CPU
		{4D331880-F4A3-410B-B5C1-5BE09D53147C}.Release|x86.Build.0 = Release|Any CPU
		{FF79474E-3EE2-4E64-8DA2-025547AE127B}.Debug|Any CPU.ActiveCfg = Debug|Any CPU
		{FF79474E-3EE2-4E64-8DA2-025547AE127B}.Debug|Any CPU.Build.0 = Debug|Any CPU
		{FF79474E-3EE2-4E64-8DA2-025547AE127B}.Debug|x64.ActiveCfg = Debug|Any CPU
		{FF79474E-3EE2-4E64-8DA2-025547AE127B}.Debug|x64.Build.0 = Debug|Any CPU
		{FF79474E-3EE2-4E64-8DA2-025547AE127B}.Debug|x86.ActiveCfg = Debug|Any CPU
		{FF79474E-3EE2-4E64-8DA2-025547AE127B}.Debug|x86.Build.0 = Debug|Any CPU
		{FF79474E-3EE2-4E64-8DA2-025547AE127B}.Release|Any CPU.ActiveCfg = Release|Any CPU
		{FF79474E-3EE2-4E64-8DA2-025547AE127B}.Release|Any CPU.Build.0 = Release|Any CPU
		{FF79474E-3EE2-4E64-8DA2-025547AE127B}.Release|x64.ActiveCfg = Release|Any CPU
		{FF79474E-3EE2-4E64-8DA2-025547AE127B}.Release|x64.Build.0 = Release|Any CPU
		{FF79474E-3EE2-4E64-8DA2-025547AE127B}.Release|x86.ActiveCfg = Release|Any CPU
		{FF79474E-3EE2-4E64-8DA2-025547AE127B}.Release|x86.Build.0 = Release|Any CPU
		{6551DA8A-1B91-4F3F-ACA1-59AF8495229C}.Debug|Any CPU.ActiveCfg = Debug|Any CPU
		{6551DA8A-1B91-4F3F-ACA1-59AF8495229C}.Debug|Any CPU.Build.0 = Debug|Any CPU
		{6551DA8A-1B91-4F3F-ACA1-59AF8495229C}.Debug|x64.ActiveCfg = Debug|Any CPU
		{6551DA8A-1B91-4F3F-ACA1-59AF8495229C}.Debug|x64.Build.0 = Debug|Any CPU
		{6551DA8A-1B91-4F3F-ACA1-59AF8495229C}.Debug|x86.ActiveCfg = Debug|Any CPU
		{6551DA8A-1B91-4F3F-ACA1-59AF8495229C}.Debug|x86.Build.0 = Debug|Any CPU
		{6551DA8A-1B91-4F3F-ACA1-59AF8495229C}.Release|Any CPU.ActiveCfg = Release|Any CPU
		{6551DA8A-1B91-4F3F-ACA1-59AF8495229C}.Release|Any CPU.Build.0 = Release|Any CPU
		{6551DA8A-1B91-4F3F-ACA1-59AF8495229C}.Release|x64.ActiveCfg = Release|Any CPU
		{6551DA8A-1B91-4F3F-ACA1-59AF8495229C}.Release|x64.Build.0 = Release|Any CPU
		{6551DA8A-1B91-4F3F-ACA1-59AF8495229C}.Release|x86.ActiveCfg = Release|Any CPU
		{6551DA8A-1B91-4F3F-ACA1-59AF8495229C}.Release|x86.Build.0 = Release|Any CPU
		{0B437663-59F6-4F28-A550-5D29FEA9521C}.Debug|Any CPU.ActiveCfg = Debug|Any CPU
		{0B437663-59F6-4F28-A550-5D29FEA9521C}.Debug|Any CPU.Build.0 = Debug|Any CPU
		{0B437663-59F6-4F28-A550-5D29FEA9521C}.Debug|x64.ActiveCfg = Debug|Any CPU
		{0B437663-59F6-4F28-A550-5D29FEA9521C}.Debug|x64.Build.0 = Debug|Any CPU
		{0B437663-59F6-4F28-A550-5D29FEA9521C}.Debug|x86.ActiveCfg = Debug|Any CPU
		{0B437663-59F6-4F28-A550-5D29FEA9521C}.Debug|x86.Build.0 = Debug|Any CPU
		{0B437663-59F6-4F28-A550-5D29FEA9521C}.Release|Any CPU.ActiveCfg = Release|Any CPU
		{0B437663-59F6-4F28-A550-5D29FEA9521C}.Release|Any CPU.Build.0 = Release|Any CPU
		{0B437663-59F6-4F28-A550-5D29FEA9521C}.Release|x64.ActiveCfg = Release|Any CPU
		{0B437663-59F6-4F28-A550-5D29FEA9521C}.Release|x64.Build.0 = Release|Any CPU
		{0B437663-59F6-4F28-A550-5D29FEA9521C}.Release|x86.ActiveCfg = Release|Any CPU
		{0B437663-59F6-4F28-A550-5D29FEA9521C}.Release|x86.Build.0 = Release|Any CPU
		{493507E3-ED4B-451A-A940-6882BCD49EA9}.Debug|Any CPU.ActiveCfg = Debug|Any CPU
		{493507E3-ED4B-451A-A940-6882BCD49EA9}.Debug|Any CPU.Build.0 = Debug|Any CPU
		{493507E3-ED4B-451A-A940-6882BCD49EA9}.Debug|x64.ActiveCfg = Debug|Any CPU
		{493507E3-ED4B-451A-A940-6882BCD49EA9}.Debug|x64.Build.0 = Debug|Any CPU
		{493507E3-ED4B-451A-A940-6882BCD49EA9}.Debug|x86.ActiveCfg = Debug|Any CPU
		{493507E3-ED4B-451A-A940-6882BCD49EA9}.Debug|x86.Build.0 = Debug|Any CPU
		{493507E3-ED4B-451A-A940-6882BCD49EA9}.Release|Any CPU.ActiveCfg = Release|Any CPU
		{493507E3-ED4B-451A-A940-6882BCD49EA9}.Release|Any CPU.Build.0 = Release|Any CPU
		{493507E3-ED4B-451A-A940-6882BCD49EA9}.Release|x64.ActiveCfg = Release|Any CPU
		{493507E3-ED4B-451A-A940-6882BCD49EA9}.Release|x64.Build.0 = Release|Any CPU
		{493507E3-ED4B-451A-A940-6882BCD49EA9}.Release|x86.ActiveCfg = Release|Any CPU
		{493507E3-ED4B-451A-A940-6882BCD49EA9}.Release|x86.Build.0 = Release|Any CPU
		{5F68C438-9624-452D-9B24-41E2686C2790}.Debug|Any CPU.ActiveCfg = Debug|Any CPU
		{5F68C438-9624-452D-9B24-41E2686C2790}.Debug|Any CPU.Build.0 = Debug|Any CPU
		{5F68C438-9624-452D-9B24-41E2686C2790}.Debug|x64.ActiveCfg = Debug|Any CPU
		{5F68C438-9624-452D-9B24-41E2686C2790}.Debug|x64.Build.0 = Debug|Any CPU
		{5F68C438-9624-452D-9B24-41E2686C2790}.Debug|x86.ActiveCfg = Debug|Any CPU
		{5F68C438-9624-452D-9B24-41E2686C2790}.Debug|x86.Build.0 = Debug|Any CPU
		{5F68C438-9624-452D-9B24-41E2686C2790}.Release|Any CPU.ActiveCfg = Release|Any CPU
		{5F68C438-9624-452D-9B24-41E2686C2790}.Release|Any CPU.Build.0 = Release|Any CPU
		{5F68C438-9624-452D-9B24-41E2686C2790}.Release|x64.ActiveCfg = Release|Any CPU
		{5F68C438-9624-452D-9B24-41E2686C2790}.Release|x64.Build.0 = Release|Any CPU
		{5F68C438-9624-452D-9B24-41E2686C2790}.Release|x86.ActiveCfg = Release|Any CPU
		{5F68C438-9624-452D-9B24-41E2686C2790}.Release|x86.Build.0 = Release|Any CPU
		{9F72BCC8-17A3-4445-9E65-D6FFE294C8EC}.Debug|Any CPU.ActiveCfg = Debug|Any CPU
		{9F72BCC8-17A3-4445-9E65-D6FFE294C8EC}.Debug|Any CPU.Build.0 = Debug|Any CPU
		{9F72BCC8-17A3-4445-9E65-D6FFE294C8EC}.Debug|x64.ActiveCfg = Debug|Any CPU
		{9F72BCC8-17A3-4445-9E65-D6FFE294C8EC}.Debug|x64.Build.0 = Debug|Any CPU
		{9F72BCC8-17A3-4445-9E65-D6FFE294C8EC}.Debug|x86.ActiveCfg = Debug|Any CPU
		{9F72BCC8-17A3-4445-9E65-D6FFE294C8EC}.Debug|x86.Build.0 = Debug|Any CPU
		{9F72BCC8-17A3-4445-9E65-D6FFE294C8EC}.Release|Any CPU.ActiveCfg = Release|Any CPU
		{9F72BCC8-17A3-4445-9E65-D6FFE294C8EC}.Release|Any CPU.Build.0 = Release|Any CPU
		{9F72BCC8-17A3-4445-9E65-D6FFE294C8EC}.Release|x64.ActiveCfg = Release|Any CPU
		{9F72BCC8-17A3-4445-9E65-D6FFE294C8EC}.Release|x64.Build.0 = Release|Any CPU
		{9F72BCC8-17A3-4445-9E65-D6FFE294C8EC}.Release|x86.ActiveCfg = Release|Any CPU
		{9F72BCC8-17A3-4445-9E65-D6FFE294C8EC}.Release|x86.Build.0 = Release|Any CPU
		{F713BCBB-FE55-4924-BA37-5A644545B489}.Debug|Any CPU.ActiveCfg = Debug|Any CPU
		{F713BCBB-FE55-4924-BA37-5A644545B489}.Debug|Any CPU.Build.0 = Debug|Any CPU
		{F713BCBB-FE55-4924-BA37-5A644545B489}.Debug|x64.ActiveCfg = Debug|Any CPU
		{F713BCBB-FE55-4924-BA37-5A644545B489}.Debug|x64.Build.0 = Debug|Any CPU
		{F713BCBB-FE55-4924-BA37-5A644545B489}.Debug|x86.ActiveCfg = Debug|Any CPU
		{F713BCBB-FE55-4924-BA37-5A644545B489}.Debug|x86.Build.0 = Debug|Any CPU
		{F713BCBB-FE55-4924-BA37-5A644545B489}.Release|Any CPU.ActiveCfg = Release|Any CPU
		{F713BCBB-FE55-4924-BA37-5A644545B489}.Release|Any CPU.Build.0 = Release|Any CPU
		{F713BCBB-FE55-4924-BA37-5A644545B489}.Release|x64.ActiveCfg = Release|Any CPU
		{F713BCBB-FE55-4924-BA37-5A644545B489}.Release|x64.Build.0 = Release|Any CPU
		{F713BCBB-FE55-4924-BA37-5A644545B489}.Release|x86.ActiveCfg = Release|Any CPU
		{F713BCBB-FE55-4924-BA37-5A644545B489}.Release|x86.Build.0 = Release|Any CPU
		{387627AB-B9C7-4504-8E54-E1F168F5DF17}.Debug|Any CPU.ActiveCfg = Debug|Any CPU
		{387627AB-B9C7-4504-8E54-E1F168F5DF17}.Debug|Any CPU.Build.0 = Debug|Any CPU
		{387627AB-B9C7-4504-8E54-E1F168F5DF17}.Debug|x64.ActiveCfg = Debug|Any CPU
		{387627AB-B9C7-4504-8E54-E1F168F5DF17}.Debug|x64.Build.0 = Debug|Any CPU
		{387627AB-B9C7-4504-8E54-E1F168F5DF17}.Debug|x86.ActiveCfg = Debug|Any CPU
		{387627AB-B9C7-4504-8E54-E1F168F5DF17}.Debug|x86.Build.0 = Debug|Any CPU
		{387627AB-B9C7-4504-8E54-E1F168F5DF17}.Release|Any CPU.ActiveCfg = Release|Any CPU
		{387627AB-B9C7-4504-8E54-E1F168F5DF17}.Release|Any CPU.Build.0 = Release|Any CPU
		{387627AB-B9C7-4504-8E54-E1F168F5DF17}.Release|x64.ActiveCfg = Release|Any CPU
		{387627AB-B9C7-4504-8E54-E1F168F5DF17}.Release|x64.Build.0 = Release|Any CPU
		{387627AB-B9C7-4504-8E54-E1F168F5DF17}.Release|x86.ActiveCfg = Release|Any CPU
		{387627AB-B9C7-4504-8E54-E1F168F5DF17}.Release|x86.Build.0 = Release|Any CPU
		{3FDFE1CE-70A4-4A3A-A584-AB53249E89EB}.Debug|Any CPU.ActiveCfg = Debug|Any CPU
		{3FDFE1CE-70A4-4A3A-A584-AB53249E89EB}.Debug|Any CPU.Build.0 = Debug|Any CPU
		{3FDFE1CE-70A4-4A3A-A584-AB53249E89EB}.Debug|x64.ActiveCfg = Debug|Any CPU
		{3FDFE1CE-70A4-4A3A-A584-AB53249E89EB}.Debug|x64.Build.0 = Debug|Any CPU
		{3FDFE1CE-70A4-4A3A-A584-AB53249E89EB}.Debug|x86.ActiveCfg = Debug|Any CPU
		{3FDFE1CE-70A4-4A3A-A584-AB53249E89EB}.Debug|x86.Build.0 = Debug|Any CPU
		{3FDFE1CE-70A4-4A3A-A584-AB53249E89EB}.Release|Any CPU.ActiveCfg = Release|Any CPU
		{3FDFE1CE-70A4-4A3A-A584-AB53249E89EB}.Release|Any CPU.Build.0 = Release|Any CPU
		{3FDFE1CE-70A4-4A3A-A584-AB53249E89EB}.Release|x64.ActiveCfg = Release|Any CPU
		{3FDFE1CE-70A4-4A3A-A584-AB53249E89EB}.Release|x64.Build.0 = Release|Any CPU
		{3FDFE1CE-70A4-4A3A-A584-AB53249E89EB}.Release|x86.ActiveCfg = Release|Any CPU
		{3FDFE1CE-70A4-4A3A-A584-AB53249E89EB}.Release|x86.Build.0 = Release|Any CPU
		{F0C76C00-3EA7-43DE-99B1-58993CB7A2BA}.Debug|Any CPU.ActiveCfg = Debug|Any CPU
		{F0C76C00-3EA7-43DE-99B1-58993CB7A2BA}.Debug|Any CPU.Build.0 = Debug|Any CPU
		{F0C76C00-3EA7-43DE-99B1-58993CB7A2BA}.Debug|x64.ActiveCfg = Debug|Any CPU
		{F0C76C00-3EA7-43DE-99B1-58993CB7A2BA}.Debug|x64.Build.0 = Debug|Any CPU
		{F0C76C00-3EA7-43DE-99B1-58993CB7A2BA}.Debug|x86.ActiveCfg = Debug|Any CPU
		{F0C76C00-3EA7-43DE-99B1-58993CB7A2BA}.Debug|x86.Build.0 = Debug|Any CPU
		{F0C76C00-3EA7-43DE-99B1-58993CB7A2BA}.Release|Any CPU.ActiveCfg = Release|Any CPU
		{F0C76C00-3EA7-43DE-99B1-58993CB7A2BA}.Release|Any CPU.Build.0 = Release|Any CPU
		{F0C76C00-3EA7-43DE-99B1-58993CB7A2BA}.Release|x64.ActiveCfg = Release|Any CPU
		{F0C76C00-3EA7-43DE-99B1-58993CB7A2BA}.Release|x64.Build.0 = Release|Any CPU
		{F0C76C00-3EA7-43DE-99B1-58993CB7A2BA}.Release|x86.ActiveCfg = Release|Any CPU
		{F0C76C00-3EA7-43DE-99B1-58993CB7A2BA}.Release|x86.Build.0 = Release|Any CPU
		{EFA879FA-7882-4D6B-B505-6C8B1E9D3ED6}.Debug|Any CPU.ActiveCfg = Debug|Any CPU
		{EFA879FA-7882-4D6B-B505-6C8B1E9D3ED6}.Debug|Any CPU.Build.0 = Debug|Any CPU
		{EFA879FA-7882-4D6B-B505-6C8B1E9D3ED6}.Debug|x64.ActiveCfg = Debug|Any CPU
		{EFA879FA-7882-4D6B-B505-6C8B1E9D3ED6}.Debug|x64.Build.0 = Debug|Any CPU
		{EFA879FA-7882-4D6B-B505-6C8B1E9D3ED6}.Debug|x86.ActiveCfg = Debug|Any CPU
		{EFA879FA-7882-4D6B-B505-6C8B1E9D3ED6}.Debug|x86.Build.0 = Debug|Any CPU
		{EFA879FA-7882-4D6B-B505-6C8B1E9D3ED6}.Release|Any CPU.ActiveCfg = Release|Any CPU
		{EFA879FA-7882-4D6B-B505-6C8B1E9D3ED6}.Release|Any CPU.Build.0 = Release|Any CPU
		{EFA879FA-7882-4D6B-B505-6C8B1E9D3ED6}.Release|x64.ActiveCfg = Release|Any CPU
		{EFA879FA-7882-4D6B-B505-6C8B1E9D3ED6}.Release|x64.Build.0 = Release|Any CPU
		{EFA879FA-7882-4D6B-B505-6C8B1E9D3ED6}.Release|x86.ActiveCfg = Release|Any CPU
		{EFA879FA-7882-4D6B-B505-6C8B1E9D3ED6}.Release|x86.Build.0 = Release|Any CPU
		{2F86D755-4107-461C-842B-C8650010EF49}.Debug|Any CPU.ActiveCfg = Debug|Any CPU
		{2F86D755-4107-461C-842B-C8650010EF49}.Debug|Any CPU.Build.0 = Debug|Any CPU
		{2F86D755-4107-461C-842B-C8650010EF49}.Debug|x64.ActiveCfg = Debug|Any CPU
		{2F86D755-4107-461C-842B-C8650010EF49}.Debug|x64.Build.0 = Debug|Any CPU
		{2F86D755-4107-461C-842B-C8650010EF49}.Debug|x86.ActiveCfg = Debug|Any CPU
		{2F86D755-4107-461C-842B-C8650010EF49}.Debug|x86.Build.0 = Debug|Any CPU
		{2F86D755-4107-461C-842B-C8650010EF49}.Release|Any CPU.ActiveCfg = Release|Any CPU
		{2F86D755-4107-461C-842B-C8650010EF49}.Release|Any CPU.Build.0 = Release|Any CPU
		{2F86D755-4107-461C-842B-C8650010EF49}.Release|x64.ActiveCfg = Release|Any CPU
		{2F86D755-4107-461C-842B-C8650010EF49}.Release|x64.Build.0 = Release|Any CPU
		{2F86D755-4107-461C-842B-C8650010EF49}.Release|x86.ActiveCfg = Release|Any CPU
		{2F86D755-4107-461C-842B-C8650010EF49}.Release|x86.Build.0 = Release|Any CPU
	EndGlobalSection
	GlobalSection(SolutionProperties) = preSolution
		HideSolutionNode = FALSE
	EndGlobalSection
EndGlobal
